
Microsoft Visual Studio Solution File, Format Version 12.00
# Visual Studio Version 17
VisualStudioVersion = 17.10.35122.118
MinimumVisualStudioVersion = 10.0.40219.1
Project("{9A19103F-16F7-4668-BE54-9A1E7A4F7556}") = "TimeAttendance.WinForms", "TimeAttendance.WinForms\TimeAttendance.WinForms.csproj", "{1ECDD613-DF20-48A3-BC82-956B0DBE945A}"
EndProject
Project("{9A19103F-16F7-4668-BE54-9A1E7A4F7556}") = "TimeAttendance.Api", "TimeAttendance.Api\TimeAttendance.Api.csproj", "{E9842C16-FA9E-4BDC-B68D-E473894792CF}"
EndProject
Global
	GlobalSection(SolutionConfigurationPlatforms) = preSolution
		Debug|Any CPU = Debug|Any CPU
		Release|Any CPU = Release|Any CPU
	EndGlobalSection
	GlobalSection(ProjectConfigurationPlatforms) = postSolution
		{1ECDD613-DF20-48A3-BC82-956B0DBE945A}.Debug|Any CPU.ActiveCfg = Debug|Any CPU
		{1ECDD613-DF20-48A3-BC82-956B0DBE945A}.Debug|Any CPU.Build.0 = Debug|Any CPU
		{1ECDD613-DF20-48A3-BC82-956B0DBE945A}.Release|Any CPU.ActiveCfg = Release|Any CPU
		{1ECDD613-DF20-48A3-BC82-956B0DBE945A}.Release|Any CPU.Build.0 = Release|Any CPU
		{E9842C16-FA9E-4BDC-B68D-E473894792CF}.Debug|Any CPU.ActiveCfg = Debug|Any CPU
		{E9842C16-FA9E-4BDC-B68D-E473894792CF}.Debug|Any CPU.Build.0 = Debug|Any CPU
		{E9842C16-FA9E-4BDC-B68D-E473894792CF}.Release|Any CPU.ActiveCfg = Release|Any CPU
		{E9842C16-FA9E-4BDC-B68D-E473894792CF}.Release|Any CPU.Build.0 = Release|Any CPU
	EndGlobalSection
	GlobalSection(SolutionProperties) = preSolution
		HideSolutionNode = FALSE
	EndGlobalSection
	GlobalSection(ExtensibilityGlobals) = postSolution
		SolutionGuid = {5405620D-6BC8-4E67-BE45-5A4D06E4CC73}
	EndGlobalSection
EndGlobal
